<?xml version="1.0" encoding="utf-8"?>
<Project ToolsVersion="4.0" xmlns="http://schemas.microsoft.com/developer/msbuild/2003">
  <ItemGroup>
    <Filter Include="Source Files">
      <UniqueIdentifier>{4FC737F1-C7A5-4376-A066-2A32D752A2FF}</UniqueIdentifier>
      <Extensions>cpp;c;cc;cxx;c++;cppm;ixx;def;odl;idl;hpj;bat;asm;asmx</Extensions>
    </Filter>
    <Filter Include="Header Files">
      <UniqueIdentifier>{93995380-89BD-4b04-88EB-625FBE52EBFB}</UniqueIdentifier>
      <Extensions>h;hh;hpp;hxx;h++;hm;inl;inc;ipp;xsd</Extensions>
    </Filter>
    <Filter Include="Resource Files">
      <UniqueIdentifier>{67DA6AB6-F800-4c08-8B7A-83BB121AAD01}</UniqueIdentifier>
      <Extensions>rc;ico;cur;bmp;dlg;rc2;rct;bin;rgs;gif;jpg;jpeg;jpe;resx;tiff;tif;png;wav;mfcribbon-ms</Extensions>
    </Filter>
    <Filter Include="Header Files\NetworkLogger">
      <UniqueIdentifier>{4d479f3d-8d98-4a06-ab1d-504aadb0cbeb}</UniqueIdentifier>
    </Filter>
    <Filter Include="Source Files\NetworkLogger">
      <UniqueIdentifier>{76230860-0079-4522-9d56-8b87489ae563}</UniqueIdentifier>
    </Filter>
    <Filter Include="Header Files\ConsoleLogger">
      <UniqueIdentifier>{f58e2a9f-726c-430f-b67c-336ccc08768a}</UniqueIdentifier>
    </Filter>
    <Filter Include="Source Files\ConsoleLogger">
      <UniqueIdentifier>{f63db87a-97a9-4ef9-8029-d8a294600f06}</UniqueIdentifier>
    </Filter>
    <Filter Include="Header Files\DatabaseLogger">
      <UniqueIdentifier>{696f2d4d-edad-4c75-9184-3b3e5b65f2cb}</UniqueIdentifier>
    </Filter>
    <Filter Include="Source Files\DatabaseLogger">
      <UniqueIdentifier>{68248981-e4ec-4bab-9e3e-44598eaa632e}</UniqueIdentifier>
    </Filter>
    <Filter Include="Source Files\WindowsEventLogger">
      <UniqueIdentifier>{af624b53-2a7e-43f8-b24a-aa9479e24190}</UniqueIdentifier>
    </Filter>
    <Filter Include="Header Files\WindowsEventLogger">
      <UniqueIdentifier>{e8222395-0210-4165-a032-90869cd58b06}</UniqueIdentifier>
    </Filter>
    <Filter Include="Header Files\FileLogger">
      <UniqueIdentifier>{62250a03-6394-4df7-80a6-2b494e63658e}</UniqueIdentifier>
    </Filter>
    <Filter Include="Source Files\FileLogger">
      <UniqueIdentifier>{75e43bf4-a411-4b5a-b2d4-db1ce563a90d}</UniqueIdentifier>
    </Filter>
    <Filter Include="Header Files\ThreadSafe">
      <UniqueIdentifier>{c02df5f8-7a1c-4aae-840e-f68993013b2f}</UniqueIdentifier>
    </Filter>
    <Filter Include="Source Files\ThreadSafe">
      <UniqueIdentifier>{dcb7f2f1-5a7a-44ca-929c-7a505aab0001}</UniqueIdentifier>
    </Filter>
    <Filter Include="Header Files\Logger">
      <UniqueIdentifier>{0c64f32e-b0ea-423a-85ef-fce83d804b78}</UniqueIdentifier>
    </Filter>
    <Filter Include="Source Files\Logger">
      <UniqueIdentifier>{d5d1cc9f-60a0-4e2b-b281-7e865bcb73d4}</UniqueIdentifier>
    </Filter>
    <Filter Include="Header Files\DebugConsole">
      <UniqueIdentifier>{bd727804-faa5-4943-87c9-309e6e7bdd6d}</UniqueIdentifier>
    </Filter>
    <Filter Include="Source Files\DebugConsoleLogger">
      <UniqueIdentifier>{b702cf82-c348-4eff-9aa2-63cb503fe64b}</UniqueIdentifier>
    </Filter>
  </ItemGroup>
  <ItemGroup>
    <ClCompile Include="NetworkLogger\ClientNetwork.cpp">
      <Filter>Source Files\NetworkLogger</Filter>
    </ClCompile>
    <ClCompile Include="NetworkLogger\LoggerClient.cpp">
      <Filter>Source Files\NetworkLogger</Filter>
    </ClCompile>
    <ClCompile Include="NetworkLogger\LoggerServer.cpp">
      <Filter>Source Files\NetworkLogger</Filter>
    </ClCompile>
    <ClCompile Include="NetworkLogger\NetworkLogger.cpp">
      <Filter>Source Files\NetworkLogger</Filter>
    </ClCompile>
    <ClCompile Include="NetworkLogger\NetworkService.cpp">
      <Filter>Source Files\NetworkLogger</Filter>
    </ClCompile>
    <ClCompile Include="NetworkLogger\ServerNetwork.cpp">
      <Filter>Source Files\NetworkLogger</Filter>
    </ClCompile>
    <ClCompile Include="DatabaseLogger\DatabaseLogger.cpp">
      <Filter>Source Files\DatabaseLogger</Filter>
    </ClCompile>
    <ClCompile Include="DatabaseLogger\PosgreSQLDBLogger.cpp">
      <Filter>Source Files\DatabaseLogger</Filter>
    </ClCompile>
    <ClCompile Include="DatabaseLogger\SQLServerDBLogger.cpp">
      <Filter>Source Files\DatabaseLogger</Filter>
    </ClCompile>
    <ClCompile Include="WindowsEventLogger\WindowsEventLogger.cpp">
      <Filter>Source Files\WindowsEventLogger</Filter>
    </ClCompile>
    <ClCompile Include="FileLogger\FileLogger.cpp">
      <Filter>Source Files\FileLogger</Filter>
    </ClCompile>
    <ClCompile Include="ThreadSafe\CLocker.cpp">
      <Filter>Source Files\ThreadSafe</Filter>
    </ClCompile>
    <ClCompile Include="ThreadSafe\CThreadSafe.cpp">
      <Filter>Source Files\ThreadSafe</Filter>
    </ClCompile>
    <ClCompile Include="Logger\Logger.cpp">
      <Filter>Source Files\Logger</Filter>
    </ClCompile>
    <ClCompile Include="ConsoleLogger\ConsoleLogger.cpp">
      <Filter>Source Files\ConsoleLogger</Filter>
    </ClCompile>
    <ClCompile Include="DebugConsoleLogger\DebugConsoleLogger.cpp">
      <Filter>Source Files\DebugConsoleLogger</Filter>
    </ClCompile>
  </ItemGroup>
  <ItemGroup>
    <ClInclude Include="NetworkLogger\ClientNetwork.h">
      <Filter>Header Files\NetworkLogger</Filter>
    </ClInclude>
    <ClInclude Include="NetworkLogger\LoggerClient.h">
      <Filter>Header Files\NetworkLogger</Filter>
    </ClInclude>
    <ClInclude Include="NetworkLogger\LoggerServer.h">
      <Filter>Header Files\NetworkLogger</Filter>
    </ClInclude>
    <ClInclude Include="NetworkLogger\NetworkLogger.h">
      <Filter>Header Files\NetworkLogger</Filter>
    </ClInclude>
    <ClInclude Include="NetworkLogger\NetworkService.h">
      <Filter>Header Files\NetworkLogger</Filter>
    </ClInclude>
    <ClInclude Include="NetworkLogger\ServerNetwork.h">
      <Filter>Header Files\NetworkLogger</Filter>
    </ClInclude>
    <ClInclude Include="DatabaseLogger\DatabaseLogger.h">
      <Filter>Header Files\DatabaseLogger</Filter>
    </ClInclude>
    <ClInclude Include="DatabaseLogger\PosgreSQLDBLogger.h">
      <Filter>Header Files\DatabaseLogger</Filter>
    </ClInclude>
    <ClInclude Include="DatabaseLogger\SQLServerDBLogger.h">
      <Filter>Header Files\DatabaseLogger</Filter>
    </ClInclude>
    <ClInclude Include="WindowsEventLogger\WindowsEventLogger.h">
      <Filter>Header Files\WindowsEventLogger</Filter>
    </ClInclude>
    <ClInclude Include="FileLogger\FileLogger.h">
      <Filter>Header Files\FileLogger</Filter>
    </ClInclude>
    <ClInclude Include="ThreadSafe\CLocker.h">
      <Filter>Header Files\ThreadSafe</Filter>
    </ClInclude>
    <ClInclude Include="ThreadSafe\CThreadSafe.h">
      <Filter>Header Files\ThreadSafe</Filter>
    </ClInclude>
    <ClInclude Include="Logger\Logger.h">
      <Filter>Header Files\Logger</Filter>
    </ClInclude>
    <ClInclude Include="DebugConsoleLogger\DebugConsoleLogger.h">
      <Filter>Header Files\DebugConsole</Filter>
    </ClInclude>
    <ClInclude Include="ConsoleLogger\ConsoleLogger.h">
      <Filter>Header Files\ConsoleLogger</Filter>
    </ClInclude>
  </ItemGroup>
</Project>